// !$*UTF8*$!
{
	archiveVersion = 1;
	classes = {
	};
	objectVersion = 50;
	objects = {

/* Begin PBXBuildFile section */
		2D7E6CF620A2160800B2545D /* AppDelegate.swift in Sources */ = {isa = PBXBuildFile; fileRef = 2D7E6CF520A2160800B2545D /* AppDelegate.swift */; };
		2D7E6CF820A2160800B2545D /* ViewController.swift in Sources */ = {isa = PBXBuildFile; fileRef = 2D7E6CF720A2160800B2545D /* ViewController.swift */; };
		2D7E6CFB20A2160800B2545D /* Main.storyboard in Resources */ = {isa = PBXBuildFile; fileRef = 2D7E6CF920A2160800B2545D /* Main.storyboard */; };
		2D7E6CFD20A2160C00B2545D /* Assets.xcassets in Resources */ = {isa = PBXBuildFile; fileRef = 2D7E6CFC20A2160C00B2545D /* Assets.xcassets */; };
		2D7E6D0020A2160C00B2545D /* LaunchScreen.storyboard in Resources */ = {isa = PBXBuildFile; fileRef = 2D7E6CFE20A2160C00B2545D /* LaunchScreen.storyboard */; };
		2D7E6D0820A2168700B2545D /* HCContact.swift in Sources */ = {isa = PBXBuildFile; fileRef = 2D7E6D0720A2168700B2545D /* HCContact.swift */; };
		2D7E6D0A20A21BB900B2545D /* ContactCollectionViewCell.swift in Sources */ = {isa = PBXBuildFile; fileRef = 2D7E6D0920A21BB900B2545D /* ContactCollectionViewCell.swift */; };
/* End PBXBuildFile section */

/* Begin PBXFileReference section */
		2D7E6CF220A2160800B2545D /* HelloContacts.app */ = {isa = PBXFileReference; explicitFileType = wrapper.application; includeInIndex = 0; path = HelloContacts.app; sourceTree = BUILT_PRODUCTS_DIR; };
		2D7E6CF520A2160800B2545D /* AppDelegate.swift */ = {isa = PBXFileReference; lastKnownFileType = sourcecode.swift; path = AppDelegate.swift; sourceTree = "<group>"; };
		2D7E6CF720A2160800B2545D /* ViewController.swift */ = {isa = PBXFileReference; lastKnownFileType = sourcecode.swift; path = ViewController.swift; sourceTree = "<group>"; };
		2D7E6CFA20A2160800B2545D /* Base */ = {isa = PBXFileReference; lastKnownFileType = file.storyboard; name = Base; path = Base.lproj/Main.storyboard; sourceTree = "<group>"; };
		2D7E6CFC20A2160C00B2545D /* Assets.xcassets */ = {isa = PBXFileReference; lastKnownFileType = folder.assetcatalog; path = Assets.xcassets; sourceTree = "<group>"; };
		2D7E6CFF20A2160C00B2545D /* Base */ = {isa = PBXFileReference; lastKnownFileType = file.storyboard; name = Base; path = Base.lproj/LaunchScreen.storyboard; sourceTree = "<group>"; };
		2D7E6D0120A2160C00B2545D /* Info.plist */ = {isa = PBXFileReference; lastKnownFileType = text.plist.xml; path = Info.plist; sourceTree = "<group>"; };
		2D7E6D0720A2168700B2545D /* HCContact.swift */ = {isa = PBXFileReference; lastKnownFileType = sourcecode.swift; path = HCContact.swift; sourceTree = "<group>"; };
		2D7E6D0920A21BB900B2545D /* ContactCollectionViewCell.swift */ = {isa = PBXFileReference; lastKnownFileType = sourcecode.swift; path = ContactCollectionViewCell.swift; sourceTree = "<group>"; };
/* End PBXFileReference section */

/* Begin PBXFrameworksBuildPhase section */
		2D7E6CEF20A2160800B2545D /* Frameworks */ = {
			isa = PBXFrameworksBuildPhase;
			buildActionMask = 2147483647;
			files = (
			);
			runOnlyForDeploymentPostprocessing = 0;
		};
/* End PBXFrameworksBuildPhase section */

/* Begin PBXGroup section */
		2D7E6CE920A2160800B2545D = {
			isa = PBXGroup;
			children = (
				2D7E6CF420A2160800B2545D /* HelloContacts */,
				2D7E6CF320A2160800B2545D /* Products */,
			);
			sourceTree = "<group>";
		};
		2D7E6CF320A2160800B2545D /* Products */ = {
			isa = PBXGroup;
			children = (
				2D7E6CF220A2160800B2545D /* HelloContacts.app */,
			);
			name = Products;
			sourceTree = "<group>";
		};
		2D7E6CF420A2160800B2545D /* HelloContacts */ = {
			isa = PBXGroup;
			children = (
				2D7E6CF520A2160800B2545D /* AppDelegate.swift */,
				2D7E6CF720A2160800B2545D /* ViewController.swift */,
				2D7E6D0920A21BB900B2545D /* ContactCollectionViewCell.swift */,
				2D7E6D0720A2168700B2545D /* HCContact.swift */,
				2D7E6CF920A2160800B2545D /* Main.storyboard */,
				2D7E6CFC20A2160C00B2545D /* Assets.xcassets */,
				2D7E6CFE20A2160C00B2545D /* LaunchScreen.storyboard */,
				2D7E6D0120A2160C00B2545D /* Info.plist */,
			);
			path = HelloContacts;
			sourceTree = "<group>";
		};
/* End PBXGroup section */

/* Begin PBXNativeTarget section */
		2D7E6CF120A2160800B2545D /* HelloContacts */ = {
			isa = PBXNativeTarget;
			buildConfigurationList = 2D7E6D0420A2160C00B2545D /* Build configuration list for PBXNativeTarget "HelloContacts" */;
			buildPhases = (
				2D7E6CEE20A2160800B2545D /* Sources */,
				2D7E6CEF20A2160800B2545D /* Frameworks */,
				2D7E6CF020A2160800B2545D /* Resources */,
			);
			buildRules = (
			);
			dependencies = (
			);
			name = HelloContacts;
			productName = HelloContacts;
			productReference = 2D7E6CF220A2160800B2545D /* HelloContacts.app */;
			productType = "com.apple.product-type.application";
		};
/* End PBXNativeTarget section */

/* Begin PBXProject section */
		2D7E6CEA20A2160800B2545D /* Project object */ = {
			isa = PBXProject;
			attributes = {
				LastSwiftUpdateCheck = 0930;
				LastUpgradeCheck = 0930;
				ORGANIZATIONNAME = "Simon Mc Neil";
				TargetAttributes = {
					2D7E6CF120A2160800B2545D = {
						CreatedOnToolsVersion = 9.3;
					};
				};
			};
			buildConfigurationList = 2D7E6CED20A2160800B2545D /* Build configuration list for PBXProject "HelloContacts" */;
			compatibilityVersion = "Xcode 9.3";
			developmentRegion = en;
			hasScannedForEncodings = 0;
			knownRegions = (
				en,
				Base,
			);
			mainGroup = 2D7E6CE920A2160800B2545D;
			productRefGroup = 2D7E6CF320A2160800B2545D /* Products */;
			projectDirPath = "";
			projectRoot = "";
			targets = (
				2D7E6CF120A2160800B2545D /* HelloContacts */,
			);
		};
/* End PBXProject section */

/* Begin PBXResourcesBuildPhase section */
		2D7E6CF020A2160800B2545D /* Resources */ = {
			isa = PBXResourcesBuildPhase;
			buildActionMask = 2147483647;
			files = (
				2D7E6D0020A2160C00B2545D /* LaunchScreen.storyboard in Resources */,
				2D7E6CFD20A2160C00B2545D /* Assets.xcassets in Resources */,
				2D7E6CFB20A2160800B2545D /* Main.storyboard in Resources */,
			);
			runOnlyForDeploymentPostprocessing = 0;
		};
/* End PBXResourcesBuildPhase section */

/* Begin PBXSourcesBuildPhase section */
		2D7E6CEE20A2160800B2545D /* Sources */ = {
			isa = PBXSourcesBuildPhase;
			buildActionMask = 2147483647;
			files = (
				2D7E6CF820A2160800B2545D /* ViewController.swift in Sources */,
				2D7E6D0A20A21BB900B2545D /* ContactCollectionViewCell.swift in Sources */,
				2D7E6D0820A2168700B2545D /* HCContact.swift in Sources */,
				2D7E6CF620A2160800B2545D /* AppDelegate.swift in Sources */,
			);
			runOnlyForDeploymentPostprocessing = 0;
		};
/* End PBXSourcesBuildPhase section */

/* Begin PBXVariantGroup section */
		2D7E6CF920A2160800B2545D /* Main.storyboard */ = {
			isa = PBXVariantGroup;
			children = (
				2D7E6CFA20A2160800B2545D /* Base */,
			);
			name = Main.storyboard;
			sourceTree = "<group>";
		};
		2D7E6CFE20A2160C00B2545D /* LaunchScreen.storyboard */ = {
			isa = PBXVariantGroup;
			children = (
				2D7E6CFF20A2160C00B2545D /* Base */,
			);
			name = LaunchScreen.storyboard;
			sourceTree = "<group>";
		};
/* End PBXVariantGroup section */

/* Begin XCBuildConfiguration section */
		2D7E6D0220A2160C00B2545D /* Debug */ = {
			isa = XCBuildConfiguration;
			buildSettings = {
				ALWAYS_SEARCH_USER_PATHS = NO;
				CLANG_ANALYZER_NONNULL = YES;
				CLANG_ANALYZER_NUMBER_OBJECT_CONVERSION = YES_AGGRESSIVE;
				CLANG_CXX_LANGUAGE_STANDARD = "gnu++14";
				CLANG_CXX_LIBRARY = "libc++";
				CLANG_ENABLE_MODULES = YES;
				CLANG_ENABLE_OBJC_ARC = YES;
				CLANG_ENABLE_OBJC_WEAK = YES;
				CLANG_WARN_BLOCK_CAPTURE_AUTORELEASING = YES;
				CLANG_WARN_BOOL_CONVERSION = YES;
				CLANG_WARN_COMMA = YES;
				CLANG_WARN_CONSTANT_CONVERSION = YES;
				CLANG_WARN_DEPRECATED_OBJC_IMPLEMENTATIONS = YES;
				CLANG_WARN_DIRECT_OBJC_ISA_USAGE = YES_ERROR;
				CLANG_WARN_DOCUMENTATION_COMMENTS = YES;
				CLANG_WARN_EMPTY_BODY = YES;
				CLANG_WARN_ENUM_CONVERSION = YES;
				CLANG_WARN_INFINITE_RECURSION = YES;
				CLANG_WARN_INT_CONVERSION = YES;
				CLANG_WARN_NON_LITERAL_NULL_CONVERSION = YES;
				CLANG_WARN_OBJC_IMPLICIT_RETAIN_SELF = YES;
				CLANG_WARN_OBJC_LITERAL_CONVERSION = YES;
				CLANG_WARN_OBJC_ROOT_CLASS = YES_ERROR;
				CLANG_WARN_RANGE_LOOP_ANALYSIS = YES;
				CLANG_WARN_STRICT_PROTOTYPES = YES;
				CLANG_WARN_SUSPICIOUS_MOVE = YES;
				CLANG_WARN_UNGUARDED_AVAILABILITY = YES_AGGRESSIVE;
				CLANG_WARN_UNREACHABLE_CODE = YES;
				CLANG_WARN__DUPLICATE_METHOD_MATCH = YES;
				CODE_SIGN_IDENTITY = "iPhone Developer";
				COPY_PHASE_STRIP = NO;
				DEBUG_INFORMATION_FORMAT = dwarf;
				ENABLE_STRICT_OBJC_MSGSEND = YES;
				ENABLE_TESTABILITY = YES;
				GCC_C_LANGUAGE_STANDARD = gnu11;
				GCC_DYNAMIC_NO_PIC = NO;
				GCC_NO_COMMON_BLOCKS = YES;
				GCC_OPTIMIZATION_LEVEL = 0;
				GCC_PREPROCESSOR_DEFINITIONS = (
					"DEBUG=1",
					"$(inherited)",
				);
				GCC_WARN_64_TO_32_BIT_CONVERSION = YES;
				GCC_WARN_ABOUT_RETURN_TYPE = YES_ERROR;
				GCC_WARN_UNDECLARED_SELECTOR = YES;
				GCC_WARN_UNINITIALIZED_AUTOS = YES_AGGRESSIVE;
				GCC_WARN_UNUSED_FUNCTION = YES;
				GCC_WARN_UNUSED_VARIABLE = YES;
				IPHONEOS_DEPLOYMENT_TARGET = 11.3;
				MTL_ENABLE_DEBUG_INFO = YES;
				ONLY_ACTIVE_ARCH = YES;
				SDKROOT = iphoneos;
				SWIFT_ACTIVE_COMPILATION_CONDITIONS = DEBUG;
				SWIFT_OPTIMIZATION_LEVEL = "-Onone";
			};
			name = Debug;
		};
		2D7E6D0320A2160C00B2545D /* Release */ = {
			isa = XCBuildConfiguration;
			buildSettings = {
				ALWAYS_SEARCH_USER_PATHS = NO;
				CLANG_ANALYZER_NONNULL = YES;
				CLANG_ANALYZER_NUMBER_OBJECT_CONVERSION = YES_AGGRESSIVE;
				CLANG_CXX_LANGUAGE_STANDARD = "gnu++14";
				CLANG_CXX_LIBRARY = "libc++";
				CLANG_ENABLE_MODULES = YES;
				CLANG_ENABLE_OBJC_ARC = YES;
				CLANG_ENABLE_OBJC_WEAK = YES;
				CLANG_WARN_BLOCK_CAPTURE_AUTORELEASING = YES;
				CLANG_WARN_BOOL_CONVERSION = YES;
				CLANG_WARN_COMMA = YES;
				CLANG_WARN_CONSTANT_CONVERSION = YES;
				CLANG_WARN_DEPRECATED_OBJC_IMPLEMENTATIONS = YES;
				CLANG_WARN_DIRECT_OBJC_ISA_USAGE = YES_ERROR;
				CLANG_WARN_DOCUMENTATION_COMMENTS = YES;
				CLANG_WARN_EMPTY_BODY = YES;
				CLANG_WARN_ENUM_CONVERSION = YES;
				CLANG_WARN_INFINITE_RECURSION = YES;
				CLANG_WARN_INT_CONVERSION = YES;
				CLANG_WARN_NON_LITERAL_NULL_CONVERSION = YES;
				CLANG_WARN_OBJC_IMPLICIT_RETAIN_SELF = YES;
				CLANG_WARN_OBJC_LITERAL_CONVERSION = YES;
				CLANG_WARN_OBJC_ROOT_CLASS = YES_ERROR;
				CLANG_WARN_RANGE_LOOP_ANALYSIS = YES;
				CLANG_WARN_STRICT_PROTOTYPES = YES;
				CLANG_WARN_SUSPICIOUS_MOVE = YES;
				CLANG_WARN_UNGUARDED_AVAILABILITY = YES_AGGRESSIVE;
				CLANG_WARN_UNREACHABLE_CODE = YES;
				CLANG_WARN__DUPLICATE_METHOD_MATCH = YES;
				CODE_SIGN_IDENTITY = "iPhone Developer";
				COPY_PHASE_STRIP = NO;
				DEBUG_INFORMATION_FORMAT = "dwarf-with-dsym";
				ENABLE_NS_ASSERTIONS = NO;
				ENABLE_STRICT_OBJC_MSGSEND = YES;
				GCC_C_LANGUAGE_STANDARD = gnu11;
				GCC_NO_COMMON_BLOCKS = YES;
				GCC_WARN_64_TO_32_BIT_CONVERSION = YES;
				GCC_WARN_ABOUT_RETURN_TYPE = YES_ERROR;
				GCC_WARN_UNDECLARED_SELECTOR = YES;
				GCC_WARN_UNINITIALIZED_AUTOS = YES_AGGRESSIVE;
				GCC_WARN_UNUSED_FUNCTION = YES;
				GCC_WARN_UNUSED_VARIABLE = YES;
				IPHONEOS_DEPLOYMENT_TARGET = 11.3;
				MTL_ENABLE_DEBUG_INFO = NO;
				SDKROOT = iphoneos;
				SWIFT_COMPILATION_MODE = wholemodule;
				SWIFT_OPTIMIZATION_LEVEL = "-O";
				VALIDATE_PRODUCT = YES;
			};
			name = Release;
		};
		2D7E6D0520A2160C00B2545D /* Debug */ = {
			isa = XCBuildConfiguration;
			buildSettings = {
				ASSETCATALOG_COMPILER_APPICON_NAME = AppIcon;
				CODE_SIGN_STYLE = Automatic;
				DEVELOPMENT_TEAM = TKB32CN29K;
				INFOPLIST_FILE = HelloContacts/Info.plist;
				LD_RUNPATH_SEARCH_PATHS = (
					"$(inherited)",
					"@executable_path/Frameworks",
				);
				PRODUCT_BUNDLE_IDENTIFIER = com.SimonMcNeil.HelloContacts;
				PRODUCT_NAME = "$(TARGET_NAME)";
				SWIFT_VERSION = 4.0;
				TARGETED_DEVICE_FAMILY = "1,2";
			};
			name = Debug;
		};
		2D7E6D0620A2160C00B2545D /* Release */ = {
			isa = XCBuildConfiguration;
			buildSettings = {
				ASSETCATALOG_COMPILER_APPICON_NAME = AppIcon;
				CODE_SIGN_STYLE = Automatic;
				DEVELOPMENT_TEAM = TKB32CN29K;
				INFOPLIST_FILE = HelloContacts/Info.plist;
				LD_RUNPATH_SEARCH_PATHS = (
					"$(inherited)",
					"@executable_path/Frameworks",
				);
				PRODUCT_BUNDLE_IDENTIFIER = com.SimonMcNeil.HelloContacts;
				PRODUCT_NAME = "$(TARGET_NAME)";
				SWIFT_VERSION = 4.0;
				TARGETED_DEVICE_FAMILY = "1,2";
			};
			name = Release;
		};
/* End XCBuildConfiguration section */

/* Begin XCConfigurationList section */
		2D7E6CED20A2160800B2545D /* Build configuration list for PBXProject "HelloContacts" */ = {
			isa = XCConfigurationList;
			buildConfigurations = (
				2D7E6D0220A2160C00B2545D /* Debug */,
				2D7E6D0320A2160C00B2545D /* Release */,
			);
			defaultConfigurationIsVisible = 0;
			defaultConfigurationName = Release;
		};
		2D7E6D0420A2160C00B2545D /* Build configuration list for PBXNativeTarget "HelloContacts" */ = {
			isa = XCConfigurationList;
			buildConfigurations = (
				2D7E6D0520A2160C00B2545D /* Debug */,
				2D7E6D0620A2160C00B2545D /* Release */,
			);
			defaultConfigurationIsVisible = 0;
			defaultConfigurationName = Release;
		};
/* End XCConfigurationList section */
	};
	rootObject = 2D7E6CEA20A2160800B2545D /* Project object */;
}
